// !$*UTF8*$!
{
	archiveVersion = 1;
	classes = {
	};
	objectVersion = 55;
	objects = {

/* Begin PBXBuildFile section */
		C5BB072C284165E600E60157 /* AppDelegate.swift in Sources */ = {isa = PBXBuildFile; fileRef = C5BB072B284165E600E60157 /* AppDelegate.swift */; };
		C5BB072E284165E600E60157 /* SceneDelegate.swift in Sources */ = {isa = PBXBuildFile; fileRef = C5BB072D284165E600E60157 /* SceneDelegate.swift */; };
		C5BB0730284165E600E60157 /* ViewController.swift in Sources */ = {isa = PBXBuildFile; fileRef = C5BB072F284165E600E60157 /* ViewController.swift */; };
		C5BB0733284165E600E60157 /* Main.storyboard in Resources */ = {isa = PBXBuildFile; fileRef = C5BB0731284165E600E60157 /* Main.storyboard */; };
		C5BB0736284165E600E60157 /* Tip_Calculator.xcdatamodeld in Sources */ = {isa = PBXBuildFile; fileRef = C5BB0734284165E600E60157 /* Tip_Calculator.xcdatamodeld */; };
		C5BB0738284165EB00E60157 /* Assets.xcassets in Resources */ = {isa = PBXBuildFile; fileRef = C5BB0737284165EB00E60157 /* Assets.xcassets */; };
		C5BB073B284165EB00E60157 /* LaunchScreen.storyboard in Resources */ = {isa = PBXBuildFile; fileRef = C5BB0739284165EB00E60157 /* LaunchScreen.storyboard */; };
		C5BB0746284165EB00E60157 /* Tip_CalculatorTests.swift in Sources */ = {isa = PBXBuildFile; fileRef = C5BB0745284165EB00E60157 /* Tip_CalculatorTests.swift */; };
		C5BB0750284165EB00E60157 /* Tip_CalculatorUITests.swift in Sources */ = {isa = PBXBuildFile; fileRef = C5BB074F284165EB00E60157 /* Tip_CalculatorUITests.swift */; };
		C5BB0752284165EB00E60157 /* Tip_CalculatorUITestsLaunchTests.swift in Sources */ = {isa = PBXBuildFile; fileRef = C5BB0751284165EB00E60157 /* Tip_CalculatorUITestsLaunchTests.swift */; };
/* End PBXBuildFile section */

/* Begin PBXContainerItemProxy section */
		C5BB0742284165EB00E60157 /* PBXContainerItemProxy */ = {
			isa = PBXContainerItemProxy;
			containerPortal = C5BB0720284165E600E60157 /* Project object */;
			proxyType = 1;
			remoteGlobalIDString = C5BB0727284165E600E60157;
			remoteInfo = "Tip Calculator";
		};
		C5BB074C284165EB00E60157 /* PBXContainerItemProxy */ = {
			isa = PBXContainerItemProxy;
			containerPortal = C5BB0720284165E600E60157 /* Project object */;
			proxyType = 1;
			remoteGlobalIDString = C5BB0727284165E600E60157;
			remoteInfo = "Tip Calculator";
		};
/* End PBXContainerItemProxy section */

/* Begin PBXFileReference section */
		C5BB0728284165E600E60157 /* Tip Calculator.app */ = {isa = PBXFileReference; explicitFileType = wrapper.application; includeInIndex = 0; path = "Tip Calculator.app"; sourceTree = BUILT_PRODUCTS_DIR; };
		C5BB072B284165E600E60157 /* AppDelegate.swift */ = {isa = PBXFileReference; lastKnownFileType = sourcecode.swift; path = AppDelegate.swift; sourceTree = "<group>"; };
		C5BB072D284165E600E60157 /* SceneDelegate.swift */ = {isa = PBXFileReference; lastKnownFileType = sourcecode.swift; path = SceneDelegate.swift; sourceTree = "<group>"; };
		C5BB072F284165E600E60157 /* ViewController.swift */ = {isa = PBXFileReference; lastKnownFileType = sourcecode.swift; path = ViewController.swift; sourceTree = "<group>"; };
		C5BB0732284165E600E60157 /* Base */ = {isa = PBXFileReference; lastKnownFileType = file.storyboard; name = Base; path = Base.lproj/Main.storyboard; sourceTree = "<group>"; };
		C5BB0735284165E600E60157 /* Tip_Calculator.xcdatamodel */ = {isa = PBXFileReference; lastKnownFileType = wrapper.xcdatamodel; path = Tip_Calculator.xcdatamodel; sourceTree = "<group>"; };
		C5BB0737284165EB00E60157 /* Assets.xcassets */ = {isa = PBXFileReference; lastKnownFileType = folder.assetcatalog; path = Assets.xcassets; sourceTree = "<group>"; };
		C5BB073A284165EB00E60157 /* Base */ = {isa = PBXFileReference; lastKnownFileType = file.storyboard; name = Base; path = Base.lproj/LaunchScreen.storyboard; sourceTree = "<group>"; };
		C5BB073C284165EB00E60157 /* Info.plist */ = {isa = PBXFileReference; lastKnownFileType = text.plist.xml; path = Info.plist; sourceTree = "<group>"; };
		C5BB0741284165EB00E60157 /* Tip CalculatorTests.xctest */ = {isa = PBXFileReference; explicitFileType = wrapper.cfbundle; includeInIndex = 0; path = "Tip CalculatorTests.xctest"; sourceTree = BUILT_PRODUCTS_DIR; };
		C5BB0745284165EB00E60157 /* Tip_CalculatorTests.swift */ = {isa = PBXFileReference; lastKnownFileType = sourcecode.swift; path = Tip_CalculatorTests.swift; sourceTree = "<group>"; };
		C5BB074B284165EB00E60157 /* Tip CalculatorUITests.xctest */ = {isa = PBXFileReference; explicitFileType = wrapper.cfbundle; includeInIndex = 0; path = "Tip CalculatorUITests.xctest"; sourceTree = BUILT_PRODUCTS_DIR; };
		C5BB074F284165EB00E60157 /* Tip_CalculatorUITests.swift */ = {isa = PBXFileReference; lastKnownFileType = sourcecode.swift; path = Tip_CalculatorUITests.swift; sourceTree = "<group>"; };
		C5BB0751284165EB00E60157 /* Tip_CalculatorUITestsLaunchTests.swift */ = {isa = PBXFileReference; lastKnownFileType = sourcecode.swift; path = Tip_CalculatorUITestsLaunchTests.swift; sourceTree = "<group>"; };
/* End PBXFileReference section */

/* Begin PBXFrameworksBuildPhase section */
		C5BB0725284165E600E60157 /* Frameworks */ = {
			isa = PBXFrameworksBuildPhase;
			buildActionMask = 2147483647;
			files = (
			);
			runOnlyForDeploymentPostprocessing = 0;
		};
		C5BB073E284165EB00E60157 /* Frameworks */ = {
			isa = PBXFrameworksBuildPhase;
			buildActionMask = 2147483647;
			files = (
			);
			runOnlyForDeploymentPostprocessing = 0;
		};
		C5BB0748284165EB00E60157 /* Frameworks */ = {
			isa = PBXFrameworksBuildPhase;
			buildActionMask = 2147483647;
			files = (
			);
			runOnlyForDeploymentPostprocessing = 0;
		};
/* End PBXFrameworksBuildPhase section */

/* Begin PBXGroup section */
		C5BB071F284165E600E60157 = {
			isa = PBXGroup;
			children = (
				C5BB072A284165E600E60157 /* Tip Calculator */,
				C5BB0744284165EB00E60157 /* Tip CalculatorTests */,
				C5BB074E284165EB00E60157 /* Tip CalculatorUITests */,
				C5BB0729284165E600E60157 /* Products */,
			);
			sourceTree = "<group>";
		};
		C5BB0729284165E600E60157 /* Products */ = {
			isa = PBXGroup;
			children = (
				C5BB0728284165E600E60157 /* Tip Calculator.app */,
				C5BB0741284165EB00E60157 /* Tip CalculatorTests.xctest */,
				C5BB074B284165EB00E60157 /* Tip CalculatorUITests.xctest */,
			);
			name = Products;
			sourceTree = "<group>";
		};
		C5BB072A284165E600E60157 /* Tip Calculator */ = {
			isa = PBXGroup;
			children = (
				C5BB072B284165E600E60157 /* AppDelegate.swift */,
				C5BB072D284165E600E60157 /* SceneDelegate.swift */,
				C5BB072F284165E600E60157 /* ViewController.swift */,
				C5BB0731284165E600E60157 /* Main.storyboard */,
				C5BB0737284165EB00E60157 /* Assets.xcassets */,
				C5BB0739284165EB00E60157 /* LaunchScreen.storyboard */,
				C5BB073C284165EB00E60157 /* Info.plist */,
				C5BB0734284165E600E60157 /* Tip_Calculator.xcdatamodeld */,
			);
			path = "Tip Calculator";
			sourceTree = "<group>";
		};
		C5BB0744284165EB00E60157 /* Tip CalculatorTests */ = {
			isa = PBXGroup;
			children = (
				C5BB0745284165EB00E60157 /* Tip_CalculatorTests.swift */,
			);
			path = "Tip CalculatorTests";
			sourceTree = "<group>";
		};
		C5BB074E284165EB00E60157 /* Tip CalculatorUITests */ = {
			isa = PBXGroup;
			children = (
				C5BB074F284165EB00E60157 /* Tip_CalculatorUITests.swift */,
				C5BB0751284165EB00E60157 /* Tip_CalculatorUITestsLaunchTests.swift */,
			);
			path = "Tip CalculatorUITests";
			sourceTree = "<group>";
		};
/* End PBXGroup section */

/* Begin PBXNativeTarget section */
		C5BB0727284165E600E60157 /* Tip Calculator */ = {
			isa = PBXNativeTarget;
			buildConfigurationList = C5BB0755284165EB00E60157 /* Build configuration list for PBXNativeTarget "Tip Calculator" */;
			buildPhases = (
				C5BB0724284165E600E60157 /* Sources */,
				C5BB0725284165E600E60157 /* Frameworks */,
				C5BB0726284165E600E60157 /* Resources */,
			);
			buildRules = (
			);
			dependencies = (
			);
			name = "Tip Calculator";
			productName = "Tip Calculator";
			productReference = C5BB0728284165E600E60157 /* Tip Calculator.app */;
			productType = "com.apple.product-type.application";
		};
		C5BB0740284165EB00E60157 /* Tip CalculatorTests */ = {
			isa = PBXNativeTarget;
			buildConfigurationList = C5BB0758284165EB00E60157 /* Build configuration list for PBXNativeTarget "Tip CalculatorTests" */;
			buildPhases = (
				C5BB073D284165EB00E60157 /* Sources */,
				C5BB073E284165EB00E60157 /* Frameworks */,
				C5BB073F284165EB00E60157 /* Resources */,
			);
			buildRules = (
			);
			dependencies = (
				C5BB0743284165EB00E60157 /* PBXTargetDependency */,
			);
			name = "Tip CalculatorTests";
			productName = "Tip CalculatorTests";
			productReference = C5BB0741284165EB00E60157 /* Tip CalculatorTests.xctest */;
			productType = "com.apple.product-type.bundle.unit-test";
		};
		C5BB074A284165EB00E60157 /* Tip CalculatorUITests */ = {
			isa = PBXNativeTarget;
			buildConfigurationList = C5BB075B284165EB00E60157 /* Build configuration list for PBXNativeTarget "Tip CalculatorUITests" */;
			buildPhases = (
				C5BB0747284165EB00E60157 /* Sources */,
				C5BB0748284165EB00E60157 /* Frameworks */,
				C5BB0749284165EB00E60157 /* Resources */,
			);
			buildRules = (
			);
			dependencies = (
				C5BB074D284165EB00E60157 /* PBXTargetDependency */,
			);
			name = "Tip CalculatorUITests";
			productName = "Tip CalculatorUITests";
			productReference = C5BB074B284165EB00E60157 /* Tip CalculatorUITests.xctest */;
			productType = "com.apple.product-type.bundle.ui-testing";
		};
/* End PBXNativeTarget section */

/* Begin PBXProject section */
		C5BB0720284165E600E60157 /* Project object */ = {
			isa = PBXProject;
			attributes = {
				BuildIndependentTargetsInParallel = 1;
				LastSwiftUpdateCheck = 1340;
				LastUpgradeCheck = 1340;
				TargetAttributes = {
					C5BB0727284165E600E60157 = {
						CreatedOnToolsVersion = 13.4;
					};
					C5BB0740284165EB00E60157 = {
						CreatedOnToolsVersion = 13.4;
						TestTargetID = C5BB0727284165E600E60157;
					};
					C5BB074A284165EB00E60157 = {
						CreatedOnToolsVersion = 13.4;
						TestTargetID = C5BB0727284165E600E60157;
					};
				};
			};
			buildConfigurationList = C5BB0723284165E600E60157 /* Build configuration list for PBXProject "Tip Calculator" */;
			compatibilityVersion = "Xcode 13.0";
			developmentRegion = en;
			hasScannedForEncodings = 0;
			knownRegions = (
				en,
				Base,
			);
			mainGroup = C5BB071F284165E600E60157;
			productRefGroup = C5BB0729284165E600E60157 /* Products */;
			projectDirPath = "";
			projectRoot = "";
			targets = (
				C5BB0727284165E600E60157 /* Tip Calculator */,
				C5BB0740284165EB00E60157 /* Tip CalculatorTests */,
				C5BB074A284165EB00E60157 /* Tip CalculatorUITests */,
			);
		};
/* End PBXProject section */

/* Begin PBXResourcesBuildPhase section */
		C5BB0726284165E600E60157 /* Resources */ = {
			isa = PBXResourcesBuildPhase;
			buildActionMask = 2147483647;
			files = (
				C5BB073B284165EB00E60157 /* LaunchScreen.storyboard in Resources */,
				C5BB0738284165EB00E60157 /* Assets.xcassets in Resources */,
				C5BB0733284165E600E60157 /* Main.storyboard in Resources */,
			);
			runOnlyForDeploymentPostprocessing = 0;
		};
		C5BB073F284165EB00E60157 /* Resources */ = {
			isa = PBXResourcesBuildPhase;
			buildActionMask = 2147483647;
			files = (
			);
			runOnlyForDeploymentPostprocessing = 0;
		};
		C5BB0749284165EB00E60157 /* Resources */ = {
			isa = PBXResourcesBuildPhase;
			buildActionMask = 2147483647;
			files = (
			);
			runOnlyForDeploymentPostprocessing = 0;
		};
/* End PBXResourcesBuildPhase section */

/* Begin PBXSourcesBuildPhase section */
		C5BB0724284165E600E60157 /* Sources */ = {
			isa = PBXSourcesBuildPhase;
			buildActionMask = 2147483647;
			files = (
				C5BB0730284165E600E60157 /* ViewController.swift in Sources */,
				C5BB0736284165E600E60157 /* Tip_Calculator.xcdatamodeld in Sources */,
				C5BB072C284165E600E60157 /* AppDelegate.swift in Sources */,
				C5BB072E284165E600E60157 /* SceneDelegate.swift in Sources */,
			);
			runOnlyForDeploymentPostprocessing = 0;
		};
		C5BB073D284165EB00E60157 /* Sources */ = {
			isa = PBXSourcesBuildPhase;
			buildActionMask = 2147483647;
			files = (
				C5BB0746284165EB00E60157 /* Tip_CalculatorTests.swift in Sources */,
			);
			runOnlyForDeploymentPostprocessing = 0;
		};
		C5BB0747284165EB00E60157 /* Sources */ = {
			isa = PBXSourcesBuildPhase;
			buildActionMask = 2147483647;
			files = (
				C5BB0752284165EB00E60157 /* Tip_CalculatorUITestsLaunchTests.swift in Sources */,
				C5BB0750284165EB00E60157 /* Tip_CalculatorUITests.swift in Sources */,
			);
			runOnlyForDeploymentPostprocessing = 0;
		};
/* End PBXSourcesBuildPhase section */

/* Begin PBXTargetDependency section */
		C5BB0743284165EB00E60157 /* PBXTargetDependency */ = {
			isa = PBXTargetDependency;
			target = C5BB0727284165E600E60157 /* Tip Calculator */;
			targetProxy = C5BB0742284165EB00E60157 /* PBXContainerItemProxy */;
		};
		C5BB074D284165EB00E60157 /* PBXTargetDependency */ = {
			isa = PBXTargetDependency;
			target = C5BB0727284165E600E60157 /* Tip Calculator */;
			targetProxy = C5BB074C284165EB00E60157 /* PBXContainerItemProxy */;
		};
/* End PBXTargetDependency section */

/* Begin PBXVariantGroup section */
		C5BB0731284165E600E60157 /* Main.storyboard */ = {
			isa = PBXVariantGroup;
			children = (
				C5BB0732284165E600E60157 /* Base */,
			);
			name = Main.storyboard;
			sourceTree = "<group>";
		};
		C5BB0739284165EB00E60157 /* LaunchScreen.storyboard */ = {
			isa = PBXVariantGroup;
			children = (
				C5BB073A284165EB00E60157 /* Base */,
			);
			name = LaunchScreen.storyboard;
			sourceTree = "<group>";
		};
/* End PBXVariantGroup section */

/* Begin XCBuildConfiguration section */
		C5BB0753284165EB00E60157 /* Debug */ = {
			isa = XCBuildConfiguration;
			buildSettings = {
				ALWAYS_SEARCH_USER_PATHS = NO;
				CLANG_ANALYZER_NONNULL = YES;
				CLANG_ANALYZER_NUMBER_OBJECT_CONVERSION = YES_AGGRESSIVE;
				CLANG_CXX_LANGUAGE_STANDARD = "gnu++17";
				CLANG_ENABLE_MODULES = YES;
				CLANG_ENABLE_OBJC_ARC = YES;
				CLANG_ENABLE_OBJC_WEAK = YES;
				CLANG_WARN_BLOCK_CAPTURE_AUTORELEASING = YES;
				CLANG_WARN_BOOL_CONVERSION = YES;
				CLANG_WARN_COMMA = YES;
				CLANG_WARN_CONSTANT_CONVERSION = YES;
				CLANG_WARN_DEPRECATED_OBJC_IMPLEMENTATIONS = YES;
				CLANG_WARN_DIRECT_OBJC_ISA_USAGE = YES_ERROR;
				CLANG_WARN_DOCUMENTATION_COMMENTS = YES;
				CLANG_WARN_EMPTY_BODY = YES;
				CLANG_WARN_ENUM_CONVERSION = YES;
				CLANG_WARN_INFINITE_RECURSION = YES;
				CLANG_WARN_INT_CONVERSION = YES;
				CLANG_WARN_NON_LITERAL_NULL_CONVERSION = YES;
				CLANG_WARN_OBJC_IMPLICIT_RETAIN_SELF = YES;
				CLANG_WARN_OBJC_LITERAL_CONVERSION = YES;
				CLANG_WARN_OBJC_ROOT_CLASS = YES_ERROR;
				CLANG_WARN_QUOTED_INCLUDE_IN_FRAMEWORK_HEADER = YES;
				CLANG_WARN_RANGE_LOOP_ANALYSIS = YES;
				CLANG_WARN_STRICT_PROTOTYPES = YES;
				CLANG_WARN_SUSPICIOUS_MOVE = YES;
				CLANG_WARN_UNGUARDED_AVAILABILITY = YES_AGGRESSIVE;
				CLANG_WARN_UNREACHABLE_CODE = YES;
				CLANG_WARN__DUPLICATE_METHOD_MATCH = YES;
				COPY_PHASE_STRIP = NO;
				DEBUG_INFORMATION_FORMAT = dwarf;
				ENABLE_STRICT_OBJC_MSGSEND = YES;
				ENABLE_TESTABILITY = YES;
				GCC_C_LANGUAGE_STANDARD = gnu11;
				GCC_DYNAMIC_NO_PIC = NO;
				GCC_NO_COMMON_BLOCKS = YES;
				GCC_OPTIMIZATION_LEVEL = 0;
				GCC_PREPROCESSOR_DEFINITIONS = (
					"DEBUG=1",
					"$(inherited)",
				);
				GCC_WARN_64_TO_32_BIT_CONVERSION = YES;
				GCC_WARN_ABOUT_RETURN_TYPE = YES_ERROR;
				GCC_WARN_UNDECLARED_SELECTOR = YES;
				GCC_WARN_UNINITIALIZED_AUTOS = YES_AGGRESSIVE;
				GCC_WARN_UNUSED_FUNCTION = YES;
				GCC_WARN_UNUSED_VARIABLE = YES;
				IPHONEOS_DEPLOYMENT_TARGET = 15.5;
				MTL_ENABLE_DEBUG_INFO = INCLUDE_SOURCE;
				MTL_FAST_MATH = YES;
				ONLY_ACTIVE_ARCH = YES;
				SDKROOT = iphoneos;
				SWIFT_ACTIVE_COMPILATION_CONDITIONS = DEBUG;
				SWIFT_OPTIMIZATION_LEVEL = "-Onone";
			};
			name = Debug;
		};
		C5BB0754284165EB00E60157 /* Release */ = {
			isa = XCBuildConfiguration;
			buildSettings = {
				ALWAYS_SEARCH_USER_PATHS = NO;
				CLANG_ANALYZER_NONNULL = YES;
				CLANG_ANALYZER_NUMBER_OBJECT_CONVERSION = YES_AGGRESSIVE;
				CLANG_CXX_LANGUAGE_STANDARD = "gnu++17";
				CLANG_ENABLE_MODULES = YES;
				CLANG_ENABLE_OBJC_ARC = YES;
				CLANG_ENABLE_OBJC_WEAK = YES;
				CLANG_WARN_BLOCK_CAPTURE_AUTORELEASING = YES;
				CLANG_WARN_BOOL_CONVERSION = YES;
				CLANG_WARN_COMMA = YES;
				CLANG_WARN_CONSTANT_CONVERSION = YES;
				CLANG_WARN_DEPRECATED_OBJC_IMPLEMENTATIONS = YES;
				CLANG_WARN_DIRECT_OBJC_ISA_USAGE = YES_ERROR;
				CLANG_WARN_DOCUMENTATION_COMMENTS = YES;
				CLANG_WARN_EMPTY_BODY = YES;
				CLANG_WARN_ENUM_CONVERSION = YES;
				CLANG_WARN_INFINITE_RECURSION = YES;
				CLANG_WARN_INT_CONVERSION = YES;
				CLANG_WARN_NON_LITERAL_NULL_CONVERSION = YES;
				CLANG_WARN_OBJC_IMPLICIT_RETAIN_SELF = YES;
				CLANG_WARN_OBJC_LITERAL_CONVERSION = YES;
				CLANG_WARN_OBJC_ROOT_CLASS = YES_ERROR;
				CLANG_WARN_QUOTED_INCLUDE_IN_FRAMEWORK_HEADER = YES;
				CLANG_WARN_RANGE_LOOP_ANALYSIS = YES;
				CLANG_WARN_STRICT_PROTOTYPES = YES;
				CLANG_WARN_SUSPICIOUS_MOVE = YES;
				CLANG_WARN_UNGUARDED_AVAILABILITY = YES_AGGRESSIVE;
				CLANG_WARN_UNREACHABLE_CODE = YES;
				CLANG_WARN__DUPLICATE_METHOD_MATCH = YES;
				COPY_PHASE_STRIP = NO;
				DEBUG_INFORMATION_FORMAT = "dwarf-with-dsym";
				ENABLE_NS_ASSERTIONS = NO;
				ENABLE_STRICT_OBJC_MSGSEND = YES;
				GCC_C_LANGUAGE_STANDARD = gnu11;
				GCC_NO_COMMON_BLOCKS = YES;
				GCC_WARN_64_TO_32_BIT_CONVERSION = YES;
				GCC_WARN_ABOUT_RETURN_TYPE = YES_ERROR;
				GCC_WARN_UNDECLARED_SELECTOR = YES;
				GCC_WARN_UNINITIALIZED_AUTOS = YES_AGGRESSIVE;
				GCC_WARN_UNUSED_FUNCTION = YES;
				GCC_WARN_UNUSED_VARIABLE = YES;
				IPHONEOS_DEPLOYMENT_TARGET = 15.5;
				MTL_ENABLE_DEBUG_INFO = NO;
				MTL_FAST_MATH = YES;
				SDKROOT = iphoneos;
				SWIFT_COMPILATION_MODE = wholemodule;
				SWIFT_OPTIMIZATION_LEVEL = "-O";
				VALIDATE_PRODUCT = YES;
			};
			name = Release;
		};
		C5BB0756284165EB00E60157 /* Debug */ = {
			isa = XCBuildConfiguration;
			buildSettings = {
				ASSETCATALOG_COMPILER_APPICON_NAME = AppIcon;
				ASSETCATALOG_COMPILER_GLOBAL_ACCENT_COLOR_NAME = AccentColor;
				CODE_SIGN_STYLE = Automatic;
				CURRENT_PROJECT_VERSION = 1;
				DEVELOPMENT_TEAM = 846UKFDJSH;
				GENERATE_INFOPLIST_FILE = YES;
				INFOPLIST_FILE = "Tip Calculator/Info.plist";
				INFOPLIST_KEY_CFBundleDisplayName = "Easy Tip";
				INFOPLIST_KEY_UIApplicationSupportsIndirectInputEvents = YES;
				INFOPLIST_KEY_UILaunchStoryboardName = LaunchScreen;
				INFOPLIST_KEY_UIMainStoryboardFile = Main;
				INFOPLIST_KEY_UISupportedInterfaceOrientations_iPad = "UIInterfaceOrientationPortrait UIInterfaceOrientationPortraitUpsideDown UIInterfaceOrientationLandscapeLeft UIInterfaceOrientationLandscapeRight";
				INFOPLIST_KEY_UISupportedInterfaceOrientations_iPhone = "UIInterfaceOrientationPortrait UIInterfaceOrientationLandscapeLeft UIInterfaceOrientationLandscapeRight";
				LD_RUNPATH_SEARCH_PATHS = (
					"$(inherited)",
					"@executable_path/Frameworks",
				);
				MARKETING_VERSION = 1.0;
				PRODUCT_BUNDLE_IDENTIFIER = com.specialk.tipcalc.ios;
				PRODUCT_NAME = "$(TARGET_NAME)";
				SWIFT_EMIT_LOC_STRINGS = YES;
				SWIFT_VERSION = 5.0;
				TARGETED_DEVICE_FAMILY = 1;
			};
			name = Debug;
		};
		C5BB0757284165EB00E60157 /* Release */ = {
			isa = XCBuildConfiguration;
			buildSettings = {
				ASSETCATALOG_COMPILER_APPICON_NAME = AppIcon;
				ASSETCATALOG_COMPILER_GLOBAL_ACCENT_COLOR_NAME = AccentColor;
				CODE_SIGN_STYLE = Automatic;
				CURRENT_PROJECT_VERSION = 1;
				DEVELOPMENT_TEAM = 846UKFDJSH;
				GENERATE_INFOPLIST_FILE = YES;
				INFOPLIST_FILE = "Tip Calculator/Info.plist";
				INFOPLIST_KEY_CFBundleDisplayName = "Easy Tip";
				INFOPLIST_KEY_UIApplicationSupportsIndirectInputEvents = YES;
				INFOPLIST_KEY_UILaunchStoryboardName = LaunchScreen;
				INFOPLIST_KEY_UIMainStoryboardFile = Main;
				INFOPLIST_KEY_UISupportedInterfaceOrientations_iPad = "UIInterfaceOrientationPortrait UIInterfaceOrientationPortraitUpsideDown UIInterfaceOrientationLandscapeLeft UIInterfaceOrientationLandscapeRight";
				INFOPLIST_KEY_UISupportedInterfaceOrientations_iPhone = "UIInterfaceOrientationPortrait UIInterfaceOrientationLandscapeLeft UIInterfaceOrientationLandscapeRight";
				LD_RUNPATH_SEARCH_PATHS = (
					"$(inherited)",
					"@executable_path/Frameworks",
				);
				MARKETING_VERSION = 1.0;
				PRODUCT_BUNDLE_IDENTIFIER = com.specialk.tipcalc.ios;
				PRODUCT_NAME = "$(TARGET_NAME)";
				SWIFT_EMIT_LOC_STRINGS = YES;
				SWIFT_VERSION = 5.0;
				TARGETED_DEVICE_FAMILY = 1;
			};
			name = Release;
		};
		C5BB0759284165EB00E60157 /* Debug */ = {
			isa = XCBuildConfiguration;
			buildSettings = {
				ALWAYS_EMBED_SWIFT_STANDARD_LIBRARIES = YES;
				BUNDLE_LOADER = "$(TEST_HOST)";
				CODE_SIGN_STYLE = Automatic;
				CURRENT_PROJECT_VERSION = 1;
				DEVELOPMENT_TEAM = 846UKFDJSH;
				GENERATE_INFOPLIST_FILE = YES;
				IPHONEOS_DEPLOYMENT_TARGET = 15.5;
				MARKETING_VERSION = 1.0;
				PRODUCT_BUNDLE_IDENTIFIER = "kyle.TestBuilds.Tip-CalculatorTests";
				PRODUCT_NAME = "$(TARGET_NAME)";
				SWIFT_EMIT_LOC_STRINGS = NO;
				SWIFT_VERSION = 5.0;
				TARGETED_DEVICE_FAMILY = "1,2";
				TEST_HOST = "$(BUILT_PRODUCTS_DIR)/Tip Calculator.app/Tip Calculator";
			};
			name = Debug;
		};
		C5BB075A284165EB00E60157 /* Release */ = {
			isa = XCBuildConfiguration;
			buildSettings = {
				ALWAYS_EMBED_SWIFT_STANDARD_LIBRARIES = YES;
				BUNDLE_LOADER = "$(TEST_HOST)";
				CODE_SIGN_STYLE = Automatic;
				CURRENT_PROJECT_VERSION = 1;
				DEVELOPMENT_TEAM = 846UKFDJSH;
				GENERATE_INFOPLIST_FILE = YES;
				IPHONEOS_DEPLOYMENT_TARGET = 15.5;
				MARKETING_VERSION = 1.0;
				PRODUCT_BUNDLE_IDENTIFIER = "kyle.TestBuilds.Tip-CalculatorTests";
				PRODUCT_NAME = "$(TARGET_NAME)";
				SWIFT_EMIT_LOC_STRINGS = NO;
				SWIFT_VERSION = 5.0;
				TARGETED_DEVICE_FAMILY = "1,2";
				TEST_HOST = "$(BUILT_PRODUCTS_DIR)/Tip Calculator.app/Tip Calculator";
			};
			name = Release;
		};
		C5BB075C284165EB00E60157 /* Debug */ = {
			isa = XCBuildConfiguration;
			buildSettings = {
				ALWAYS_EMBED_SWIFT_STANDARD_LIBRARIES = YES;
				CODE_SIGN_STYLE = Automatic;
				CURRENT_PROJECT_VERSION = 1;
				DEVELOPMENT_TEAM = 846UKFDJSH;
				GENERATE_INFOPLIST_FILE = YES;
				MARKETING_VERSION = 1.0;
				PRODUCT_BUNDLE_IDENTIFIER = "kyle.TestBuilds.Tip-CalculatorUITests";
				PRODUCT_NAME = "$(TARGET_NAME)";
				SWIFT_EMIT_LOC_STRINGS = NO;
				SWIFT_VERSION = 5.0;
				TARGETED_DEVICE_FAMILY = "1,2";
				TEST_TARGET_NAME = "Tip Calculator";
			};
			name = Debug;
		};
		C5BB075D284165EB00E60157 /* Release */ = {
			isa = XCBuildConfiguration;
			buildSettings = {
				ALWAYS_EMBED_SWIFT_STANDARD_LIBRARIES = YES;
				CODE_SIGN_STYLE = Automatic;
				CURRENT_PROJECT_VERSION = 1;
				DEVELOPMENT_TEAM = 846UKFDJSH;
				GENERATE_INFOPLIST_FILE = YES;
				MARKETING_VERSION = 1.0;
				PRODUCT_BUNDLE_IDENTIFIER = "kyle.TestBuilds.Tip-CalculatorUITests";
				PRODUCT_NAME = "$(TARGET_NAME)";
				SWIFT_EMIT_LOC_STRINGS = NO;
				SWIFT_VERSION = 5.0;
				TARGETED_DEVICE_FAMILY = "1,2";
				TEST_TARGET_NAME = "Tip Calculator";
			};
			name = Release;
		};
/* End XCBuildConfiguration section */

/* Begin XCConfigurationList section */
		C5BB0723284165E600E60157 /* Build configuration list for PBXProject "Tip Calculator" */ = {
			isa = XCConfigurationList;
			buildConfigurations = (
				C5BB0753284165EB00E60157 /* Debug */,
				C5BB0754284165EB00E60157 /* Release */,
			);
			defaultConfigurationIsVisible = 0;
			defaultConfigurationName = Release;
		};
		C5BB0755284165EB00E60157 /* Build configuration list for PBXNativeTarget "Tip Calculator" */ = {
			isa = XCConfigurationList;
			buildConfigurations = (
				C5BB0756284165EB00E60157 /* Debug */,
				C5BB0757284165EB00E60157 /* Release */,
			);
			defaultConfigurationIsVisible = 0;
			defaultConfigurationName = Release;
		};
		C5BB0758284165EB00E60157 /* Build configuration list for PBXNativeTarget "Tip CalculatorTests" */ = {
			isa = XCConfigurationList;
			buildConfigurations = (
				C5BB0759284165EB00E60157 /* Debug */,
				C5BB075A284165EB00E60157 /* Release */,
			);
			defaultConfigurationIsVisible = 0;
			defaultConfigurationName = Release;
		};
		C5BB075B284165EB00E60157 /* Build configuration list for PBXNativeTarget "Tip CalculatorUITests" */ = {
			isa = XCConfigurationList;
			buildConfigurations = (
				C5BB075C284165EB00E60157 /* Debug */,
				C5BB075D284165EB00E60157 /* Release */,
			);
			defaultConfigurationIsVisible = 0;
			defaultConfigurationName = Release;
		};
/* End XCConfigurationList section */

/* Begin XCVersionGroup section */
		C5BB0734284165E600E60157 /* Tip_Calculator.xcdatamodeld */ = {
			isa = XCVersionGroup;
			children = (
				C5BB0735284165E600E60157 /* Tip_Calculator.xcdatamodel */,
			);
			currentVersion = C5BB0735284165E600E60157 /* Tip_Calculator.xcdatamodel */;
			path = Tip_Calculator.xcdatamodeld;
			sourceTree = "<group>";
			versionGroupType = wrapper.xcdatamodel;
		};
/* End XCVersionGroup section */
	};
	rootObject = C5BB0720284165E600E60157 /* Project object */;
}
